
Microsoft Visual Studio Solution File, Format Version 12.00
# Visual Studio Version 17
VisualStudioVersion = 17.14.36202.13 d17.14
MinimumVisualStudioVersion = 10.0.40219.1
Project("{FAE04EC0-301F-11D3-BF4B-00C04F79EFBC}") = "ProductPackaging", "ProductPackaging\ProductPackaging.csproj", "{F4B4DF96-9CFC-4BBD-A59D-1C38E5F5DDB5}"
EndProject
Project("{FAE04EC0-301F-11D3-BF4B-00C04F79EFBC}") = "ProductPackaging.Tests", "ProductPackaging.Tests\ProductPackaging.Tests.csproj", "{CE65F44B-9788-40F4-AA1E-55913E60CC94}"
EndProject
Global
	GlobalSection(SolutionConfigurationPlatforms) = preSolution
		Debug|Any CPU = Debug|Any CPU
		Release|Any CPU = Release|Any CPU
	EndGlobalSection
	GlobalSection(ProjectConfigurationPlatforms) = postSolution
		{F4B4DF96-9CFC-4BBD-A59D-1C38E5F5DDB5}.Debug|Any CPU.ActiveCfg = Debug|Any CPU
		{F4B4DF96-9CFC-4BBD-A59D-1C38E5F5DDB5}.Debug|Any CPU.Build.0 = Debug|Any CPU
		{F4B4DF96-9CFC-4BBD-A59D-1C38E5F5DDB5}.Release|Any CPU.ActiveCfg = Release|Any CPU
		{F4B4DF96-9CFC-4BBD-A59D-1C38E5F5DDB5}.Release|Any CPU.Build.0 = Release|Any CPU
		{CE65F44B-9788-40F4-AA1E-55913E60CC94}.Debug|Any CPU.ActiveCfg = Debug|Any CPU
		{CE65F44B-9788-40F4-AA1E-55913E60CC94}.Debug|Any CPU.Build.0 = Debug|Any CPU
		{CE65F44B-9788-40F4-AA1E-55913E60CC94}.Release|Any CPU.ActiveCfg = Release|Any CPU
		{CE65F44B-9788-40F4-AA1E-55913E60CC94}.Release|Any CPU.Build.0 = Release|Any CPU
	EndGlobalSection
	GlobalSection(SolutionProperties) = preSolution
		HideSolutionNode = FALSE
	EndGlobalSection
	GlobalSection(ExtensibilityGlobals) = postSolution
		SolutionGuid = {12A98B9B-685E-4FA1-B7BD-CDBF6B158E86}
	EndGlobalSection
EndGlobal
